
Microsoft Visual Studio Solution File, Format Version 12.00
# Visual Studio 15
VisualStudioVersion = 15.0.28307.106
MinimumVisualStudioVersion = 10.0.40219.1
Project("{8BC9CEB8-8B4A-11D0-8D11-00A0C91BC942}") = "Renderer", "Renderer\Renderer.vcxproj", "{7CAE62D5-956F-4E74-B670-17513BEAF834}"
EndProject
Global
	GlobalSection(SolutionConfigurationPlatforms) = preSolution
		Debug|x64 = Debug|x64
		Debug|x86 = Debug|x86
		Release|x64 = Release|x64
		Release|x86 = Release|x86
	EndGlobalSection
	GlobalSection(ProjectConfigurationPlatforms) = postSolution
		{7CAE62D5-956F-4E74-B670-17513BEAF834}.Debug|x64.ActiveCfg = Debug|x64
		{7CAE62D5-956F-4E74-B670-17513BEAF834}.Debug|x64.Build.0 = Debug|x64
		{7CAE62D5-956F-4E74-B670-17513BEAF834}.Debug|x86.ActiveCfg = Debug|Win32
		{7CAE62D5-956F-4E74-B670-17513BEAF834}.Debug|x86.Build.0 = Debug|Win32
		{7CAE62D5-956F-4E74-B670-17513BEAF834}.Release|x64.ActiveCfg = Release|x64
		{7CAE62D5-956F-4E74-B670-17513BEAF834}.Release|x64.Build.0 = Release|x64
		{7CAE62D5-956F-4E74-B670-17513BEAF834}.Release|x86.ActiveCfg = Release|Win32
		{7CAE62D5-956F-4E74-B670-17513BEAF834}.Release|x86.Build.0 = Release|Win32
	EndGlobalSection
	GlobalSection(SolutionProperties) = preSolution
		HideSolutionNode = FALSE
	EndGlobalSection
	GlobalSection(ExtensibilityGlobals) = postSolution
		SolutionGuid = {9E2E3A9F-47AC-4E4D-8F5E-D984DA0FC052}
	EndGlobalSection
EndGlobal
